
Microsoft Visual Studio Solution File, Format Version 12.00
# Visual Studio Version 16
VisualStudioVersion = 16.0.33130.400
MinimumVisualStudioVersion = 10.0.40219.1
Project("{FAE04EC0-301F-11D3-BF4B-00C04F79EFBC}") = "praktika12_4", "praktika12_4\praktika12_4.csproj", "{D142840A-0AEF-4EB5-82FB-E4E7F6A897DF}"
EndProject
Global
	GlobalSection(SolutionConfigurationPlatforms) = preSolution
		Debug|Any CPU = Debug|Any CPU
		Release|Any CPU = Release|Any CPU
	EndGlobalSection
	GlobalSection(ProjectConfigurationPlatforms) = postSolution
		{D142840A-0AEF-4EB5-82FB-E4E7F6A897DF}.Debug|Any CPU.ActiveCfg = Debug|Any CPU
		{D142840A-0AEF-4EB5-82FB-E4E7F6A897DF}.Debug|Any CPU.Build.0 = Debug|Any CPU
		{D142840A-0AEF-4EB5-82FB-E4E7F6A897DF}.Release|Any CPU.ActiveCfg = Release|Any CPU
		{D142840A-0AEF-4EB5-82FB-E4E7F6A897DF}.Release|Any CPU.Build.0 = Release|Any CPU
	EndGlobalSection
	GlobalSection(SolutionProperties) = preSolution
		HideSolutionNode = FALSE
	EndGlobalSection
	GlobalSection(ExtensibilityGlobals) = postSolution
		SolutionGuid = {4580C786-5C36-4959-B5B7-301286FC92DA}
	EndGlobalSection
EndGlobal
